
Microsoft Visual Studio Solution File, Format Version 11.00
# Visual Studio 2010
Project("{FAE04EC0-301F-11D3-BF4B-00C04F79EFBC}") = "P3", "P3\P3.csproj", "{8455D691-D5FA-43E4-92E4-1FE491AE66FB}"
EndProject
Global
	GlobalSection(SolutionConfigurationPlatforms) = preSolution
		Debug|x86 = Debug|x86
		Release|x86 = Release|x86
	EndGlobalSection
	GlobalSection(ProjectConfigurationPlatforms) = postSolution
		{8455D691-D5FA-43E4-92E4-1FE491AE66FB}.Debug|x86.ActiveCfg = Debug|x86
		{8455D691-D5FA-43E4-92E4-1FE491AE66FB}.Debug|x86.Build.0 = Debug|x86
		{8455D691-D5FA-43E4-92E4-1FE491AE66FB}.Release|x86.ActiveCfg = Release|x86
		{8455D691-D5FA-43E4-92E4-1FE491AE66FB}.Release|x86.Build.0 = Release|x86
	EndGlobalSection
	GlobalSection(SolutionProperties) = preSolution
		HideSolutionNode = FALSE
	EndGlobalSection
EndGlobal
